
Microsoft Visual Studio Solution File, Format Version 12.00
# Visual Studio Version 17
VisualStudioVersion = 17.0.31903.59
MinimumVisualStudioVersion = 10.0.40219.1
Project("{FAE04EC0-301F-11D3-BF4B-00C04F79EFBC}") = "inspect-san", "inspect-san.csproj", "{AF50A543-1137-402A-B9A8-616A5771449C}"
EndProject
Project("{FAE04EC0-301F-11D3-BF4B-00C04F79EFBC}") = "inspect-san.Tests", "inspect-san.Tests\inspect-san.Tests.csproj", "{5EA4120B-8B36-4760-A535-D377121A8414}"
EndProject
Global
	GlobalSection(SolutionConfigurationPlatforms) = preSolution
		Debug|Any CPU = Debug|Any CPU
		Release|Any CPU = Release|Any CPU
	EndGlobalSection
	GlobalSection(SolutionProperties) = preSolution
		HideSolutionNode = FALSE
	EndGlobalSection
	GlobalSection(ProjectConfigurationPlatforms) = postSolution
		{AF50A543-1137-402A-B9A8-616A5771449C}.Debug|Any CPU.ActiveCfg = Debug|Any CPU
		{AF50A543-1137-402A-B9A8-616A5771449C}.Debug|Any CPU.Build.0 = Debug|Any CPU
		{AF50A543-1137-402A-B9A8-616A5771449C}.Release|Any CPU.ActiveCfg = Release|Any CPU
		{AF50A543-1137-402A-B9A8-616A5771449C}.Release|Any CPU.Build.0 = Release|Any CPU
		{5EA4120B-8B36-4760-A535-D377121A8414}.Debug|Any CPU.ActiveCfg = Debug|Any CPU
		{5EA4120B-8B36-4760-A535-D377121A8414}.Debug|Any CPU.Build.0 = Debug|Any CPU
		{5EA4120B-8B36-4760-A535-D377121A8414}.Release|Any CPU.ActiveCfg = Release|Any CPU
		{5EA4120B-8B36-4760-A535-D377121A8414}.Release|Any CPU.Build.0 = Release|Any CPU
	EndGlobalSection
EndGlobal
